
Microsoft Visual Studio Solution File, Format Version 12.00
# Visual Studio 15
VisualStudioVersion = 15.0.28010.2048
MinimumVisualStudioVersion = 10.0.40219.1
Project("{FAE04EC0-301F-11D3-BF4B-00C04F79EFBC}") = "Mini_Projet2", "Mini_Projet2\Mini_Projet2.csproj", "{B23A026E-A3B8-4210-9322-C0BB8278EE6F}"
EndProject
Global
	GlobalSection(SolutionConfigurationPlatforms) = preSolution
		Debug|Any CPU = Debug|Any CPU
		Release|Any CPU = Release|Any CPU
	EndGlobalSection
	GlobalSection(ProjectConfigurationPlatforms) = postSolution
		{B23A026E-A3B8-4210-9322-C0BB8278EE6F}.Debug|Any CPU.ActiveCfg = Debug|Any CPU
		{B23A026E-A3B8-4210-9322-C0BB8278EE6F}.Debug|Any CPU.Build.0 = Debug|Any CPU
		{B23A026E-A3B8-4210-9322-C0BB8278EE6F}.Release|Any CPU.ActiveCfg = Release|Any CPU
		{B23A026E-A3B8-4210-9322-C0BB8278EE6F}.Release|Any CPU.Build.0 = Release|Any CPU
	EndGlobalSection
	GlobalSection(SolutionProperties) = preSolution
		HideSolutionNode = FALSE
	EndGlobalSection
	GlobalSection(ExtensibilityGlobals) = postSolution
		SolutionGuid = {66E86E6A-02AA-4E54-944E-0F64E5AB813D}
	EndGlobalSection
EndGlobal
