
Microsoft Visual Studio Solution File, Format Version 12.00
# Visual Studio 15
VisualStudioVersion = 15.0.28010.2048
MinimumVisualStudioVersion = 10.0.40219.1
Project("{FAE04EC0-301F-11D3-BF4B-00C04F79EFBC}") = "Mini_Projet1", "Mini_Projet1\Mini_Projet1.csproj", "{D2ED6325-AC77-4873-B421-68D034600432}"
EndProject
Global
	GlobalSection(SolutionConfigurationPlatforms) = preSolution
		Debug|Any CPU = Debug|Any CPU
		Release|Any CPU = Release|Any CPU
	EndGlobalSection
	GlobalSection(ProjectConfigurationPlatforms) = postSolution
		{D2ED6325-AC77-4873-B421-68D034600432}.Debug|Any CPU.ActiveCfg = Debug|Any CPU
		{D2ED6325-AC77-4873-B421-68D034600432}.Debug|Any CPU.Build.0 = Debug|Any CPU
		{D2ED6325-AC77-4873-B421-68D034600432}.Release|Any CPU.ActiveCfg = Release|Any CPU
		{D2ED6325-AC77-4873-B421-68D034600432}.Release|Any CPU.Build.0 = Release|Any CPU
	EndGlobalSection
	GlobalSection(SolutionProperties) = preSolution
		HideSolutionNode = FALSE
	EndGlobalSection
	GlobalSection(ExtensibilityGlobals) = postSolution
		SolutionGuid = {E1A36AFA-861C-48D9-AFBA-59B5E133A99E}
	EndGlobalSection
EndGlobal
