
Microsoft Visual Studio Solution File, Format Version 12.00
# Visual Studio 15
VisualStudioVersion = 15.0.28010.2048
MinimumVisualStudioVersion = 10.0.40219.1
Project("{FAE04EC0-301F-11D3-BF4B-00C04F79EFBC}") = "WindowsFormsApp1", "WindowsFormsApp1\WindowsFormsApp1.csproj", "{69CD926A-E66D-4FA1-83C2-464A91D37AA5}"
EndProject
Global
	GlobalSection(SolutionConfigurationPlatforms) = preSolution
		Debug|Any CPU = Debug|Any CPU
		Release|Any CPU = Release|Any CPU
	EndGlobalSection
	GlobalSection(ProjectConfigurationPlatforms) = postSolution
		{69CD926A-E66D-4FA1-83C2-464A91D37AA5}.Debug|Any CPU.ActiveCfg = Debug|Any CPU
		{69CD926A-E66D-4FA1-83C2-464A91D37AA5}.Debug|Any CPU.Build.0 = Debug|Any CPU
		{69CD926A-E66D-4FA1-83C2-464A91D37AA5}.Release|Any CPU.ActiveCfg = Release|Any CPU
		{69CD926A-E66D-4FA1-83C2-464A91D37AA5}.Release|Any CPU.Build.0 = Release|Any CPU
	EndGlobalSection
	GlobalSection(SolutionProperties) = preSolution
		HideSolutionNode = FALSE
	EndGlobalSection
	GlobalSection(ExtensibilityGlobals) = postSolution
		SolutionGuid = {1AC14E4E-0C0F-4DAD-8C81-36AF416320F1}
	EndGlobalSection
EndGlobal
